
Microsoft Visual Studio Solution File, Format Version 12.00
# Visual Studio Version 17
VisualStudioVersion = 17.4.33213.308
MinimumVisualStudioVersion = 10.0.40219.1
Project("{FAE04EC0-301F-11D3-BF4B-00C04F79EFBC}") = "PerpustakaanDesktop", "PerpustakaanDesktop\PerpustakaanDesktop.csproj", "{0AC9CFBB-C9BD-4C35-8FA7-A7D4D4E7064D}"
EndProject
Global
	GlobalSection(SolutionConfigurationPlatforms) = preSolution
		Debug|Any CPU = Debug|Any CPU
		Release|Any CPU = Release|Any CPU
	EndGlobalSection
	GlobalSection(ProjectConfigurationPlatforms) = postSolution
		{0AC9CFBB-C9BD-4C35-8FA7-A7D4D4E7064D}.Debug|Any CPU.ActiveCfg = Debug|Any CPU
		{0AC9CFBB-C9BD-4C35-8FA7-A7D4D4E7064D}.Debug|Any CPU.Build.0 = Debug|Any CPU
		{0AC9CFBB-C9BD-4C35-8FA7-A7D4D4E7064D}.Release|Any CPU.ActiveCfg = Release|Any CPU
		{0AC9CFBB-C9BD-4C35-8FA7-A7D4D4E7064D}.Release|Any CPU.Build.0 = Release|Any CPU
	EndGlobalSection
	GlobalSection(SolutionProperties) = preSolution
		HideSolutionNode = FALSE
	EndGlobalSection
	GlobalSection(ExtensibilityGlobals) = postSolution
		SolutionGuid = {14525E99-BDAD-4BDD-8EB0-4B9EF3CC082B}
	EndGlobalSection
EndGlobal
